
Microsoft Visual Studio Solution File, Format Version 12.00
# Visual Studio Version 17
VisualStudioVersion = 17.8.34330.188
MinimumVisualStudioVersion = 10.0.40219.1
Project("{9A19103F-16F7-4668-BE54-9A1E7A4F7556}") = "TodoApp.MAUI", "TodoApp.MAUI\TodoApp.MAUI.csproj", "{17BB94BF-3F39-4138-956E-5161C25D393A}"
EndProject
Project("{9A19103F-16F7-4668-BE54-9A1E7A4F7556}") = "TodoApp.Data", "TodoApp.Data\TodoApp.Data.csproj", "{14AF4767-FDD3-4F61-8EF6-709C63B41611}"
EndProject
Project("{9A19103F-16F7-4668-BE54-9A1E7A4F7556}") = "TodoApp.API", "TodoApp.API\TodoApp.API.csproj", "{8B7644B3-B663-4140-AE72-1B26A5E2DAC9}"
EndProject
Project("{2150E333-8FDC-42A3-9474-1A3956D46DE8}") = "Solution Items", "Solution Items", "{B1B7E99C-2521-4A12-9568-03DFBB0395E7}"
	ProjectSection(SolutionItems) = preProject
		Directory.Packages.props = Directory.Packages.props
		README.md = README.md
	EndProjectSection
EndProject
Global
	GlobalSection(SolutionConfigurationPlatforms) = preSolution
		Debug|Any CPU = Debug|Any CPU
		Release|Any CPU = Release|Any CPU
	EndGlobalSection
	GlobalSection(ProjectConfigurationPlatforms) = postSolution
		{17BB94BF-3F39-4138-956E-5161C25D393A}.Debug|Any CPU.ActiveCfg = Debug|Any CPU
		{17BB94BF-3F39-4138-956E-5161C25D393A}.Debug|Any CPU.Build.0 = Debug|Any CPU
		{17BB94BF-3F39-4138-956E-5161C25D393A}.Debug|Any CPU.Deploy.0 = Debug|Any CPU
		{17BB94BF-3F39-4138-956E-5161C25D393A}.Release|Any CPU.ActiveCfg = Release|Any CPU
		{17BB94BF-3F39-4138-956E-5161C25D393A}.Release|Any CPU.Build.0 = Release|Any CPU
		{17BB94BF-3F39-4138-956E-5161C25D393A}.Release|Any CPU.Deploy.0 = Release|Any CPU
		{14AF4767-FDD3-4F61-8EF6-709C63B41611}.Debug|Any CPU.ActiveCfg = Debug|Any CPU
		{14AF4767-FDD3-4F61-8EF6-709C63B41611}.Debug|Any CPU.Build.0 = Debug|Any CPU
		{14AF4767-FDD3-4F61-8EF6-709C63B41611}.Release|Any CPU.ActiveCfg = Release|Any CPU
		{14AF4767-FDD3-4F61-8EF6-709C63B41611}.Release|Any CPU.Build.0 = Release|Any CPU
		{8B7644B3-B663-4140-AE72-1B26A5E2DAC9}.Debug|Any CPU.ActiveCfg = Debug|Any CPU
		{8B7644B3-B663-4140-AE72-1B26A5E2DAC9}.Debug|Any CPU.Build.0 = Debug|Any CPU
		{8B7644B3-B663-4140-AE72-1B26A5E2DAC9}.Release|Any CPU.ActiveCfg = Release|Any CPU
		{8B7644B3-B663-4140-AE72-1B26A5E2DAC9}.Release|Any CPU.Build.0 = Release|Any CPU
	EndGlobalSection
	GlobalSection(SolutionProperties) = preSolution
		HideSolutionNode = FALSE
	EndGlobalSection
	GlobalSection(ExtensibilityGlobals) = postSolution
		SolutionGuid = {F07060AD-AC79-49D5-993F-8F27545C2D86}
	EndGlobalSection
EndGlobal
